
Microsoft Visual Studio Solution File, Format Version 12.00
# Visual Studio Version 17
VisualStudioVersion = 17.1.32421.90
MinimumVisualStudioVersion = 10.0.40219.1
Project("{FAE04EC0-301F-11D3-BF4B-00C04F79EFBC}") = "BibTest", "BibTest\BibTest.csproj", "{F812496A-8E4F-4C8C-9462-DE0C0B77CF44}"
EndProject
Global
	GlobalSection(SolutionConfigurationPlatforms) = preSolution
		Debug|Any CPU = Debug|Any CPU
		Release|Any CPU = Release|Any CPU
	EndGlobalSection
	GlobalSection(ProjectConfigurationPlatforms) = postSolution
		{F812496A-8E4F-4C8C-9462-DE0C0B77CF44}.Debug|Any CPU.ActiveCfg = Debug|Any CPU
		{F812496A-8E4F-4C8C-9462-DE0C0B77CF44}.Debug|Any CPU.Build.0 = Debug|Any CPU
		{F812496A-8E4F-4C8C-9462-DE0C0B77CF44}.Release|Any CPU.ActiveCfg = Release|Any CPU
		{F812496A-8E4F-4C8C-9462-DE0C0B77CF44}.Release|Any CPU.Build.0 = Release|Any CPU
	EndGlobalSection
	GlobalSection(SolutionProperties) = preSolution
		HideSolutionNode = FALSE
	EndGlobalSection
	GlobalSection(ExtensibilityGlobals) = postSolution
		SolutionGuid = {E9071C61-A927-4143-9074-9A0574E57856}
	EndGlobalSection
EndGlobal
